
Microsoft Visual Studio Solution File, Format Version 12.00
# Visual Studio Version 17
VisualStudioVersion = 17.0.32014.148
MinimumVisualStudioVersion = 10.0.40219.1
Project("{FAE04EC0-301F-11D3-BF4B-00C04F79EFBC}") = "verifycs", "verifycs.csproj", "{73038C07-D28B-47DA-A41F-0D708AA46531}"
EndProject
Global
	GlobalSection(SolutionConfigurationPlatforms) = preSolution
		Debug|Any CPU = Debug|Any CPU
		Release|Any CPU = Release|Any CPU
	EndGlobalSection
	GlobalSection(ProjectConfigurationPlatforms) = postSolution
		{73038C07-D28B-47DA-A41F-0D708AA46531}.Debug|Any CPU.ActiveCfg = Debug|Any CPU
		{73038C07-D28B-47DA-A41F-0D708AA46531}.Debug|Any CPU.Build.0 = Debug|Any CPU
		{73038C07-D28B-47DA-A41F-0D708AA46531}.Release|Any CPU.ActiveCfg = Release|Any CPU
		{73038C07-D28B-47DA-A41F-0D708AA46531}.Release|Any CPU.Build.0 = Release|Any CPU
	EndGlobalSection
	GlobalSection(SolutionProperties) = preSolution
		HideSolutionNode = FALSE
	EndGlobalSection
	GlobalSection(ExtensibilityGlobals) = postSolution
		SolutionGuid = {631911C8-C947-4E12-A08D-2FA5E3EAFC11}
	EndGlobalSection
EndGlobal
